// !$*UTF8*$!
{
	archiveVersion = 1;
	classes = {
	};
	objectVersion = 46;
	objects = {

/* Begin PBXBuildFile section */
		6A111C74A6911960E655D5B0 /* Pods_weatherApplication.framework in Frameworks */ = {isa = PBXBuildFile; fileRef = 7B77DB76CEB1E2A3F8D232EA /* Pods_weatherApplication.framework */; };
		723E48761E9096E000AC3202 /* Secret.swift in Sources */ = {isa = PBXBuildFile; fileRef = 723E48751E9096E000AC3202 /* Secret.swift */; };
		723E48781E91E9CD00AC3202 /* NetworkRequest.swift in Sources */ = {isa = PBXBuildFile; fileRef = 723E48771E91E9CD00AC3202 /* NetworkRequest.swift */; };
		723E487A1E91F8E300AC3202 /* APIClient.swift in Sources */ = {isa = PBXBuildFile; fileRef = 723E48791E91F8E300AC3202 /* APIClient.swift */; };
		725FD7591E8DE96A004D6CCA /* AppDelegate.swift in Sources */ = {isa = PBXBuildFile; fileRef = 725FD7581E8DE96A004D6CCA /* AppDelegate.swift */; };
		725FD75B1E8DE96A004D6CCA /* WeatherController.swift in Sources */ = {isa = PBXBuildFile; fileRef = 725FD75A1E8DE96A004D6CCA /* WeatherController.swift */; };
		725FD7611E8DE96A004D6CCA /* weatherApplication.xcdatamodeld in Sources */ = {isa = PBXBuildFile; fileRef = 725FD75F1E8DE96A004D6CCA /* weatherApplication.xcdatamodeld */; };
		725FD7631E8DE96A004D6CCA /* Assets.xcassets in Resources */ = {isa = PBXBuildFile; fileRef = 725FD7621E8DE96A004D6CCA /* Assets.xcassets */; };
		725FD7661E8DE96A004D6CCA /* LaunchScreen.storyboard in Resources */ = {isa = PBXBuildFile; fileRef = 725FD7641E8DE96A004D6CCA /* LaunchScreen.storyboard */; };
		725FD7711E8DE96A004D6CCA /* weatherApplicationTests.swift in Sources */ = {isa = PBXBuildFile; fileRef = 725FD7701E8DE96A004D6CCA /* weatherApplicationTests.swift */; };
		725FD77C1E8DE96A004D6CCA /* weatherApplicationUITests.swift in Sources */ = {isa = PBXBuildFile; fileRef = 725FD77B1E8DE96A004D6CCA /* weatherApplicationUITests.swift */; };
		7277C3871E8ED95E00F082EF /* ForecastModel.swift in Sources */ = {isa = PBXBuildFile; fileRef = 7277C3861E8ED95E00F082EF /* ForecastModel.swift */; };
		72E846DF1E9985ED004F281E /* Color.swift in Sources */ = {isa = PBXBuildFile; fileRef = 72E846DE1E9985ED004F281E /* Color.swift */; };
		99F87C4AB3E97BDB4F627679 /* Pods_weatherApplicationUITests.framework in Frameworks */ = {isa = PBXBuildFile; fileRef = 0CF46B1B8C2448CE8E59A797 /* Pods_weatherApplicationUITests.framework */; };
		D55084ACDD9BADB9215306A3 /* Pods_weatherApplicationTests.framework in Frameworks */ = {isa = PBXBuildFile; fileRef = 34885BEE981824221F37BF2A /* Pods_weatherApplicationTests.framework */; };
/* End PBXBuildFile section */

/* Begin PBXContainerItemProxy section */
		725FD76D1E8DE96A004D6CCA /* PBXContainerItemProxy */ = {
			isa = PBXContainerItemProxy;
			containerPortal = 725FD74D1E8DE96A004D6CCA /* Project object */;
			proxyType = 1;
			remoteGlobalIDString = 725FD7541E8DE96A004D6CCA;
			remoteInfo = weatherApplication;
		};
		725FD7781E8DE96A004D6CCA /* PBXContainerItemProxy */ = {
			isa = PBXContainerItemProxy;
			containerPortal = 725FD74D1E8DE96A004D6CCA /* Project object */;
			proxyType = 1;
			remoteGlobalIDString = 725FD7541E8DE96A004D6CCA;
			remoteInfo = weatherApplication;
		};
/* End PBXContainerItemProxy section */

/* Begin PBXFileReference section */
		0CF46B1B8C2448CE8E59A797 /* Pods_weatherApplicationUITests.framework */ = {isa = PBXFileReference; explicitFileType = wrapper.framework; includeInIndex = 0; path = Pods_weatherApplicationUITests.framework; sourceTree = BUILT_PRODUCTS_DIR; };
		16E9DFEFCED4B139AF2B5071 /* Pods-weatherApplicationUITests.debug.xcconfig */ = {isa = PBXFileReference; includeInIndex = 1; lastKnownFileType = text.xcconfig; name = "Pods-weatherApplicationUITests.debug.xcconfig"; path = "Pods/Target Support Files/Pods-weatherApplicationUITests/Pods-weatherApplicationUITests.debug.xcconfig"; sourceTree = "<group>"; };
		34885BEE981824221F37BF2A /* Pods_weatherApplicationTests.framework */ = {isa = PBXFileReference; explicitFileType = wrapper.framework; includeInIndex = 0; path = Pods_weatherApplicationTests.framework; sourceTree = BUILT_PRODUCTS_DIR; };
		6BBB677CB804F8A8926599EF /* Pods-weatherApplicationTests.release.xcconfig */ = {isa = PBXFileReference; includeInIndex = 1; lastKnownFileType = text.xcconfig; name = "Pods-weatherApplicationTests.release.xcconfig"; path = "Pods/Target Support Files/Pods-weatherApplicationTests/Pods-weatherApplicationTests.release.xcconfig"; sourceTree = "<group>"; };
		723E48751E9096E000AC3202 /* Secret.swift */ = {isa = PBXFileReference; fileEncoding = 4; lastKnownFileType = sourcecode.swift; path = Secret.swift; sourceTree = "<group>"; };
		723E48771E91E9CD00AC3202 /* NetworkRequest.swift */ = {isa = PBXFileReference; fileEncoding = 4; lastKnownFileType = sourcecode.swift; path = NetworkRequest.swift; sourceTree = "<group>"; };
		723E48791E91F8E300AC3202 /* APIClient.swift */ = {isa = PBXFileReference; fileEncoding = 4; lastKnownFileType = sourcecode.swift; path = APIClient.swift; sourceTree = "<group>"; };
		725FD7551E8DE96A004D6CCA /* weatherApplication.app */ = {isa = PBXFileReference; explicitFileType = wrapper.application; includeInIndex = 0; path = weatherApplication.app; sourceTree = BUILT_PRODUCTS_DIR; };
		725FD7581E8DE96A004D6CCA /* AppDelegate.swift */ = {isa = PBXFileReference; lastKnownFileType = sourcecode.swift; path = AppDelegate.swift; sourceTree = "<group>"; };
		725FD75A1E8DE96A004D6CCA /* WeatherController.swift */ = {isa = PBXFileReference; lastKnownFileType = sourcecode.swift; path = WeatherController.swift; sourceTree = "<group>"; };
		725FD7601E8DE96A004D6CCA /* weatherApplication.xcdatamodel */ = {isa = PBXFileReference; lastKnownFileType = wrapper.xcdatamodel; path = weatherApplication.xcdatamodel; sourceTree = "<group>"; };
		725FD7621E8DE96A004D6CCA /* Assets.xcassets */ = {isa = PBXFileReference; lastKnownFileType = folder.assetcatalog; path = Assets.xcassets; sourceTree = "<group>"; };
		725FD7651E8DE96A004D6CCA /* Base */ = {isa = PBXFileReference; lastKnownFileType = file.storyboard; name = Base; path = Base.lproj/LaunchScreen.storyboard; sourceTree = "<group>"; };
		725FD7671E8DE96A004D6CCA /* Info.plist */ = {isa = PBXFileReference; lastKnownFileType = text.plist.xml; path = Info.plist; sourceTree = "<group>"; };
		725FD76C1E8DE96A004D6CCA /* weatherApplicationTests.xctest */ = {isa = PBXFileReference; explicitFileType = wrapper.cfbundle; includeInIndex = 0; path = weatherApplicationTests.xctest; sourceTree = BUILT_PRODUCTS_DIR; };
		725FD7701E8DE96A004D6CCA /* weatherApplicationTests.swift */ = {isa = PBXFileReference; lastKnownFileType = sourcecode.swift; path = weatherApplicationTests.swift; sourceTree = "<group>"; };
		725FD7721E8DE96A004D6CCA /* Info.plist */ = {isa = PBXFileReference; lastKnownFileType = text.plist.xml; path = Info.plist; sourceTree = "<group>"; };
		725FD7771E8DE96A004D6CCA /* weatherApplicationUITests.xctest */ = {isa = PBXFileReference; explicitFileType = wrapper.cfbundle; includeInIndex = 0; path = weatherApplicationUITests.xctest; sourceTree = BUILT_PRODUCTS_DIR; };
		725FD77B1E8DE96A004D6CCA /* weatherApplicationUITests.swift */ = {isa = PBXFileReference; lastKnownFileType = sourcecode.swift; path = weatherApplicationUITests.swift; sourceTree = "<group>"; };
		725FD77D1E8DE96A004D6CCA /* Info.plist */ = {isa = PBXFileReference; lastKnownFileType = text.plist.xml; path = Info.plist; sourceTree = "<group>"; };
		7277C3861E8ED95E00F082EF /* ForecastModel.swift */ = {isa = PBXFileReference; fileEncoding = 4; lastKnownFileType = sourcecode.swift; path = ForecastModel.swift; sourceTree = "<group>"; };
		72E846DE1E9985ED004F281E /* Color.swift */ = {isa = PBXFileReference; fileEncoding = 4; lastKnownFileType = sourcecode.swift; path = Color.swift; sourceTree = "<group>"; };
		7B77DB76CEB1E2A3F8D232EA /* Pods_weatherApplication.framework */ = {isa = PBXFileReference; explicitFileType = wrapper.framework; includeInIndex = 0; path = Pods_weatherApplication.framework; sourceTree = BUILT_PRODUCTS_DIR; };
		A5DBCFD49DEED1EAFA72215C /* Pods-weatherApplicationTests.debug.xcconfig */ = {isa = PBXFileReference; includeInIndex = 1; lastKnownFileType = text.xcconfig; name = "Pods-weatherApplicationTests.debug.xcconfig"; path = "Pods/Target Support Files/Pods-weatherApplicationTests/Pods-weatherApplicationTests.debug.xcconfig"; sourceTree = "<group>"; };
		B978B24555EC79207B54F590 /* Pods-weatherApplication.debug.xcconfig */ = {isa = PBXFileReference; includeInIndex = 1; lastKnownFileType = text.xcconfig; name = "Pods-weatherApplication.debug.xcconfig"; path = "Pods/Target Support Files/Pods-weatherApplication/Pods-weatherApplication.debug.xcconfig"; sourceTree = "<group>"; };
		D5C8FF150DD95096D74C088D /* Pods-weatherApplicationUITests.release.xcconfig */ = {isa = PBXFileReference; includeInIndex = 1; lastKnownFileType = text.xcconfig; name = "Pods-weatherApplicationUITests.release.xcconfig"; path = "Pods/Target Support Files/Pods-weatherApplicationUITests/Pods-weatherApplicationUITests.release.xcconfig"; sourceTree = "<group>"; };
		EEF427A9FC490F5380F0DC99 /* Pods-weatherApplication.release.xcconfig */ = {isa = PBXFileReference; includeInIndex = 1; lastKnownFileType = text.xcconfig; name = "Pods-weatherApplication.release.xcconfig"; path = "Pods/Target Support Files/Pods-weatherApplication/Pods-weatherApplication.release.xcconfig"; sourceTree = "<group>"; };
/* End PBXFileReference section */

/* Begin PBXFrameworksBuildPhase section */
		725FD7521E8DE96A004D6CCA /* Frameworks */ = {
			isa = PBXFrameworksBuildPhase;
			buildActionMask = 2147483647;
			files = (
				6A111C74A6911960E655D5B0 /* Pods_weatherApplication.framework in Frameworks */,
			);
			runOnlyForDeploymentPostprocessing = 0;
		};
		725FD7691E8DE96A004D6CCA /* Frameworks */ = {
			isa = PBXFrameworksBuildPhase;
			buildActionMask = 2147483647;
			files = (
				D55084ACDD9BADB9215306A3 /* Pods_weatherApplicationTests.framework in Frameworks */,
			);
			runOnlyForDeploymentPostprocessing = 0;
		};
		725FD7741E8DE96A004D6CCA /* Frameworks */ = {
			isa = PBXFrameworksBuildPhase;
			buildActionMask = 2147483647;
			files = (
				99F87C4AB3E97BDB4F627679 /* Pods_weatherApplicationUITests.framework in Frameworks */,
			);
			runOnlyForDeploymentPostprocessing = 0;
		};
/* End PBXFrameworksBuildPhase section */

/* Begin PBXGroup section */
		725FD74C1E8DE96A004D6CCA = {
			isa = PBXGroup;
			children = (
				725FD7571E8DE96A004D6CCA /* weatherApplication */,
				725FD76F1E8DE96A004D6CCA /* weatherApplicationTests */,
				725FD77A1E8DE96A004D6CCA /* weatherApplicationUITests */,
				725FD7561E8DE96A004D6CCA /* Products */,
				CE7D4E8243D3D341BF0BDC92 /* Pods */,
				845CB1ABC33FADCA58DD2565 /* Frameworks */,
			);
			sourceTree = "<group>";
		};
		725FD7561E8DE96A004D6CCA /* Products */ = {
			isa = PBXGroup;
			children = (
				725FD7551E8DE96A004D6CCA /* weatherApplication.app */,
				725FD76C1E8DE96A004D6CCA /* weatherApplicationTests.xctest */,
				725FD7771E8DE96A004D6CCA /* weatherApplicationUITests.xctest */,
			);
			name = Products;
			sourceTree = "<group>";
		};
		725FD7571E8DE96A004D6CCA /* weatherApplication */ = {
			isa = PBXGroup;
			children = (
				7277C3851E8ECD1800F082EF /* Supported Files */,
				7277C3841E8ECD1100F082EF /* Network Related */,
				7277C3831E8ECD0900F082EF /* Controllers */,
				7277C3821E8ECD0200F082EF /* Models */,
				7277C3811E8ECCF500F082EF /* Views */,
			);
			path = weatherApplication;
			sourceTree = "<group>";
		};
		725FD76F1E8DE96A004D6CCA /* weatherApplicationTests */ = {
			isa = PBXGroup;
			children = (
				725FD7701E8DE96A004D6CCA /* weatherApplicationTests.swift */,
				725FD7721E8DE96A004D6CCA /* Info.plist */,
			);
			path = weatherApplicationTests;
			sourceTree = "<group>";
		};
		725FD77A1E8DE96A004D6CCA /* weatherApplicationUITests */ = {
			isa = PBXGroup;
			children = (
				725FD77B1E8DE96A004D6CCA /* weatherApplicationUITests.swift */,
				725FD77D1E8DE96A004D6CCA /* Info.plist */,
			);
			path = weatherApplicationUITests;
			sourceTree = "<group>";
		};
		7277C3811E8ECCF500F082EF /* Views */ = {
			isa = PBXGroup;
			children = (
				72E846DE1E9985ED004F281E /* Color.swift */,
			);
			name = Views;
			sourceTree = "<group>";
		};
		7277C3821E8ECD0200F082EF /* Models */ = {
			isa = PBXGroup;
			children = (
				7277C3861E8ED95E00F082EF /* ForecastModel.swift */,
				723E48751E9096E000AC3202 /* Secret.swift */,
				725FD75F1E8DE96A004D6CCA /* weatherApplication.xcdatamodeld */,
			);
			name = Models;
			sourceTree = "<group>";
		};
		7277C3831E8ECD0900F082EF /* Controllers */ = {
			isa = PBXGroup;
			children = (
				725FD75A1E8DE96A004D6CCA /* WeatherController.swift */,
			);
			name = Controllers;
			sourceTree = "<group>";
		};
		7277C3841E8ECD1100F082EF /* Network Related */ = {
			isa = PBXGroup;
			children = (
				723E48771E91E9CD00AC3202 /* NetworkRequest.swift */,
				723E48791E91F8E300AC3202 /* APIClient.swift */,
			);
			name = "Network Related";
			sourceTree = "<group>";
		};
		7277C3851E8ECD1800F082EF /* Supported Files */ = {
			isa = PBXGroup;
			children = (
				725FD7581E8DE96A004D6CCA /* AppDelegate.swift */,
				725FD7621E8DE96A004D6CCA /* Assets.xcassets */,
				725FD7641E8DE96A004D6CCA /* LaunchScreen.storyboard */,
				725FD7671E8DE96A004D6CCA /* Info.plist */,
			);
			name = "Supported Files";
			sourceTree = "<group>";
		};
		845CB1ABC33FADCA58DD2565 /* Frameworks */ = {
			isa = PBXGroup;
			children = (
				7B77DB76CEB1E2A3F8D232EA /* Pods_weatherApplication.framework */,
				34885BEE981824221F37BF2A /* Pods_weatherApplicationTests.framework */,
				0CF46B1B8C2448CE8E59A797 /* Pods_weatherApplicationUITests.framework */,
			);
			name = Frameworks;
			sourceTree = "<group>";
		};
		CE7D4E8243D3D341BF0BDC92 /* Pods */ = {
			isa = PBXGroup;
			children = (
				B978B24555EC79207B54F590 /* Pods-weatherApplication.debug.xcconfig */,
				EEF427A9FC490F5380F0DC99 /* Pods-weatherApplication.release.xcconfig */,
				A5DBCFD49DEED1EAFA72215C /* Pods-weatherApplicationTests.debug.xcconfig */,
				6BBB677CB804F8A8926599EF /* Pods-weatherApplicationTests.release.xcconfig */,
				16E9DFEFCED4B139AF2B5071 /* Pods-weatherApplicationUITests.debug.xcconfig */,
				D5C8FF150DD95096D74C088D /* Pods-weatherApplicationUITests.release.xcconfig */,
			);
			name = Pods;
			sourceTree = "<group>";
		};
/* End PBXGroup section */

/* Begin PBXNativeTarget section */
		725FD7541E8DE96A004D6CCA /* weatherApplication */ = {
			isa = PBXNativeTarget;
			buildConfigurationList = 725FD7801E8DE96A004D6CCA /* Build configuration list for PBXNativeTarget "weatherApplication" */;
			buildPhases = (
				B4C41692AC7FFD9EB805D401 /* [CP] Check Pods Manifest.lock */,
				725FD7511E8DE96A004D6CCA /* Sources */,
				725FD7521E8DE96A004D6CCA /* Frameworks */,
				725FD7531E8DE96A004D6CCA /* Resources */,
				8BB95B42B4DACF81DEF7D3EB /* [CP] Embed Pods Frameworks */,
				8CB168C808979BC892AA0915 /* [CP] Copy Pods Resources */,
			);
			buildRules = (
			);
			dependencies = (
			);
			name = weatherApplication;
			productName = weatherApplication;
			productReference = 725FD7551E8DE96A004D6CCA /* weatherApplication.app */;
			productType = "com.apple.product-type.application";
		};
		725FD76B1E8DE96A004D6CCA /* weatherApplicationTests */ = {
			isa = PBXNativeTarget;
			buildConfigurationList = 725FD7831E8DE96A004D6CCA /* Build configuration list for PBXNativeTarget "weatherApplicationTests" */;
			buildPhases = (
				A65C122084762C88CF4A44DD /* [CP] Check Pods Manifest.lock */,
				725FD7681E8DE96A004D6CCA /* Sources */,
				725FD7691E8DE96A004D6CCA /* Frameworks */,
				725FD76A1E8DE96A004D6CCA /* Resources */,
				7D2720BA9801F5231331A71C /* [CP] Embed Pods Frameworks */,
				8E4B350336C9B3A695F9B62D /* [CP] Copy Pods Resources */,
			);
			buildRules = (
			);
			dependencies = (
				725FD76E1E8DE96A004D6CCA /* PBXTargetDependency */,
			);
			name = weatherApplicationTests;
			productName = weatherApplicationTests;
			productReference = 725FD76C1E8DE96A004D6CCA /* weatherApplicationTests.xctest */;
			productType = "com.apple.product-type.bundle.unit-test";
		};
		725FD7761E8DE96A004D6CCA /* weatherApplicationUITests */ = {
			isa = PBXNativeTarget;
			buildConfigurationList = 725FD7861E8DE96A004D6CCA /* Build configuration list for PBXNativeTarget "weatherApplicationUITests" */;
			buildPhases = (
				DEC217FCD995EE1A5A7E5331 /* [CP] Check Pods Manifest.lock */,
				725FD7731E8DE96A004D6CCA /* Sources */,
				725FD7741E8DE96A004D6CCA /* Frameworks */,
				725FD7751E8DE96A004D6CCA /* Resources */,
				9209417C66A152F4D81AADCD /* [CP] Embed Pods Frameworks */,
				345BBBEDE711D1212691128B /* [CP] Copy Pods Resources */,
			);
			buildRules = (
			);
			dependencies = (
				725FD7791E8DE96A004D6CCA /* PBXTargetDependency */,
			);
			name = weatherApplicationUITests;
			productName = weatherApplicationUITests;
			productReference = 725FD7771E8DE96A004D6CCA /* weatherApplicationUITests.xctest */;
			productType = "com.apple.product-type.bundle.ui-testing";
		};
/* End PBXNativeTarget section */

/* Begin PBXProject section */
		725FD74D1E8DE96A004D6CCA /* Project object */ = {
			isa = PBXProject;
			attributes = {
				LastSwiftUpdateCheck = 0830;
				LastUpgradeCheck = 0830;
				ORGANIZATIONNAME = "Henry Chan";
				TargetAttributes = {
					725FD7541E8DE96A004D6CCA = {
						CreatedOnToolsVersion = 8.3;
						ProvisioningStyle = Automatic;
					};
					725FD76B1E8DE96A004D6CCA = {
						CreatedOnToolsVersion = 8.3;
						ProvisioningStyle = Automatic;
						TestTargetID = 725FD7541E8DE96A004D6CCA;
					};
					725FD7761E8DE96A004D6CCA = {
						CreatedOnToolsVersion = 8.3;
						ProvisioningStyle = Automatic;
						TestTargetID = 725FD7541E8DE96A004D6CCA;
					};
				};
			};
			buildConfigurationList = 725FD7501E8DE96A004D6CCA /* Build configuration list for PBXProject "weatherApplication" */;
			compatibilityVersion = "Xcode 3.2";
			developmentRegion = English;
			hasScannedForEncodings = 0;
			knownRegions = (
				en,
				Base,
			);
			mainGroup = 725FD74C1E8DE96A004D6CCA;
			productRefGroup = 725FD7561E8DE96A004D6CCA /* Products */;
			projectDirPath = "";
			projectRoot = "";
			targets = (
				725FD7541E8DE96A004D6CCA /* weatherApplication */,
				725FD76B1E8DE96A004D6CCA /* weatherApplicationTests */,
				725FD7761E8DE96A004D6CCA /* weatherApplicationUITests */,
			);
		};
/* End PBXProject section */

/* Begin PBXResourcesBuildPhase section */
		725FD7531E8DE96A004D6CCA /* Resources */ = {
			isa = PBXResourcesBuildPhase;
			buildActionMask = 2147483647;
			files = (
				725FD7661E8DE96A004D6CCA /* LaunchScreen.storyboard in Resources */,
				725FD7631E8DE96A004D6CCA /* Assets.xcassets in Resources */,
			);
			runOnlyForDeploymentPostprocessing = 0;
		};
		725FD76A1E8DE96A004D6CCA /* Resources */ = {
			isa = PBXResourcesBuildPhase;
			buildActionMask = 2147483647;
			files = (
			);
			runOnlyForDeploymentPostprocessing = 0;
		};
		725FD7751E8DE96A004D6CCA /* Resources */ = {
			isa = PBXResourcesBuildPhase;
			buildActionMask = 2147483647;
			files = (
			);
			runOnlyForDeploymentPostprocessing = 0;
		};
/* End PBXResourcesBuildPhase section */

/* Begin PBXShellScriptBuildPhase section */
		345BBBEDE711D1212691128B /* [CP] Copy Pods Resources */ = {
			isa = PBXShellScriptBuildPhase;
			buildActionMask = 2147483647;
			files = (
			);
			inputPaths = (
			);
			name = "[CP] Copy Pods Resources";
			outputPaths = (
			);
			runOnlyForDeploymentPostprocessing = 0;
			shellPath = /bin/sh;
			shellScript = "\"${SRCROOT}/Pods/Target Support Files/Pods-weatherApplicationUITests/Pods-weatherApplicationUITests-resources.sh\"\n";
			showEnvVarsInLog = 0;
		};
		7D2720BA9801F5231331A71C /* [CP] Embed Pods Frameworks */ = {
			isa = PBXShellScriptBuildPhase;
			buildActionMask = 2147483647;
			files = (
			);
			inputPaths = (
			);
			name = "[CP] Embed Pods Frameworks";
			outputPaths = (
			);
			runOnlyForDeploymentPostprocessing = 0;
			shellPath = /bin/sh;
			shellScript = "\"${SRCROOT}/Pods/Target Support Files/Pods-weatherApplicationTests/Pods-weatherApplicationTests-frameworks.sh\"\n";
			showEnvVarsInLog = 0;
		};
		8BB95B42B4DACF81DEF7D3EB /* [CP] Embed Pods Frameworks */ = {
			isa = PBXShellScriptBuildPhase;
			buildActionMask = 2147483647;
			files = (
			);
			inputPaths = (
			);
			name = "[CP] Embed Pods Frameworks";
			outputPaths = (
			);
			runOnlyForDeploymentPostprocessing = 0;
			shellPath = /bin/sh;
			shellScript = "\"${SRCROOT}/Pods/Target Support Files/Pods-weatherApplication/Pods-weatherApplication-frameworks.sh\"\n";
			showEnvVarsInLog = 0;
		};
		8CB168C808979BC892AA0915 /* [CP] Copy Pods Resources */ = {
			isa = PBXShellScriptBuildPhase;
			buildActionMask = 2147483647;
			files = (
			);
			inputPaths = (
			);
			name = "[CP] Copy Pods Resources";
			outputPaths = (
			);
			runOnlyForDeploymentPostprocessing = 0;
			shellPath = /bin/sh;
			shellScript = "\"${SRCROOT}/Pods/Target Support Files/Pods-weatherApplication/Pods-weatherApplication-resources.sh\"\n";
			showEnvVarsInLog = 0;
		};
		8E4B350336C9B3A695F9B62D /* [CP] Copy Pods Resources */ = {
			isa = PBXShellScriptBuildPhase;
			buildActionMask = 2147483647;
			files = (
			);
			inputPaths = (
			);
			name = "[CP] Copy Pods Resources";
			outputPaths = (
			);
			runOnlyForDeploymentPostprocessing = 0;
			shellPath = /bin/sh;
			shellScript = "\"${SRCROOT}/Pods/Target Support Files/Pods-weatherApplicationTests/Pods-weatherApplicationTests-resources.sh\"\n";
			showEnvVarsInLog = 0;
		};
		9209417C66A152F4D81AADCD /* [CP] Embed Pods Frameworks */ = {
			isa = PBXShellScriptBuildPhase;
			buildActionMask = 2147483647;
			files = (
			);
			inputPaths = (
			);
			name = "[CP] Embed Pods Frameworks";
			outputPaths = (
			);
			runOnlyForDeploymentPostprocessing = 0;
			shellPath = /bin/sh;
			shellScript = "\"${SRCROOT}/Pods/Target Support Files/Pods-weatherApplicationUITests/Pods-weatherApplicationUITests-frameworks.sh\"\n";
			showEnvVarsInLog = 0;
		};
		A65C122084762C88CF4A44DD /* [CP] Check Pods Manifest.lock */ = {
			isa = PBXShellScriptBuildPhase;
			buildActionMask = 2147483647;
			files = (
			);
			inputPaths = (
			);
			name = "[CP] Check Pods Manifest.lock";
			outputPaths = (
			);
			runOnlyForDeploymentPostprocessing = 0;
			shellPath = /bin/sh;
			shellScript = "diff \"${PODS_ROOT}/../Podfile.lock\" \"${PODS_ROOT}/Manifest.lock\" > /dev/null\nif [ $? != 0 ] ; then\n    # print error to STDERR\n    echo \"error: The sandbox is not in sync with the Podfile.lock. Run 'pod install' or update your CocoaPods installation.\" >&2\n    exit 1\nfi\n";
			showEnvVarsInLog = 0;
		};
		B4C41692AC7FFD9EB805D401 /* [CP] Check Pods Manifest.lock */ = {
			isa = PBXShellScriptBuildPhase;
			buildActionMask = 2147483647;
			files = (
			);
			inputPaths = (
			);
			name = "[CP] Check Pods Manifest.lock";
			outputPaths = (
			);
			runOnlyForDeploymentPostprocessing = 0;
			shellPath = /bin/sh;
			shellScript = "diff \"${PODS_ROOT}/../Podfile.lock\" \"${PODS_ROOT}/Manifest.lock\" > /dev/null\nif [ $? != 0 ] ; then\n    # print error to STDERR\n    echo \"error: The sandbox is not in sync with the Podfile.lock. Run 'pod install' or update your CocoaPods installation.\" >&2\n    exit 1\nfi\n";
			showEnvVarsInLog = 0;
		};
		DEC217FCD995EE1A5A7E5331 /* [CP] Check Pods Manifest.lock */ = {
			isa = PBXShellScriptBuildPhase;
			buildActionMask = 2147483647;
			files = (
			);
			inputPaths = (
			);
			name = "[CP] Check Pods Manifest.lock";
			outputPaths = (
			);
			runOnlyForDeploymentPostprocessing = 0;
			shellPath = /bin/sh;
			shellScript = "diff \"${PODS_ROOT}/../Podfile.lock\" \"${PODS_ROOT}/Manifest.lock\" > /dev/null\nif [ $? != 0 ] ; then\n    # print error to STDERR\n    echo \"error: The sandbox is not in sync with the Podfile.lock. Run 'pod install' or update your CocoaPods installation.\" >&2\n    exit 1\nfi\n";
			showEnvVarsInLog = 0;
		};
/* End PBXShellScriptBuildPhase section */

/* Begin PBXSourcesBuildPhase section */
		725FD7511E8DE96A004D6CCA /* Sources */ = {
			isa = PBXSourcesBuildPhase;
			buildActionMask = 2147483647;
			files = (
				725FD75B1E8DE96A004D6CCA /* WeatherController.swift in Sources */,
				723E487A1E91F8E300AC3202 /* APIClient.swift in Sources */,
				723E48761E9096E000AC3202 /* Secret.swift in Sources */,
				725FD7611E8DE96A004D6CCA /* weatherApplication.xcdatamodeld in Sources */,
				7277C3871E8ED95E00F082EF /* ForecastModel.swift in Sources */,
				723E48781E91E9CD00AC3202 /* NetworkRequest.swift in Sources */,
				725FD7591E8DE96A004D6CCA /* AppDelegate.swift in Sources */,
				72E846DF1E9985ED004F281E /* Color.swift in Sources */,
			);
			runOnlyForDeploymentPostprocessing = 0;
		};
		725FD7681E8DE96A004D6CCA /* Sources */ = {
			isa = PBXSourcesBuildPhase;
			buildActionMask = 2147483647;
			files = (
				725FD7711E8DE96A004D6CCA /* weatherApplicationTests.swift in Sources */,
			);
			runOnlyForDeploymentPostprocessing = 0;
		};
		725FD7731E8DE96A004D6CCA /* Sources */ = {
			isa = PBXSourcesBuildPhase;
			buildActionMask = 2147483647;
			files = (
				725FD77C1E8DE96A004D6CCA /* weatherApplicationUITests.swift in Sources */,
			);
			runOnlyForDeploymentPostprocessing = 0;
		};
/* End PBXSourcesBuildPhase section */

/* Begin PBXTargetDependency section */
		725FD76E1E8DE96A004D6CCA /* PBXTargetDependency */ = {
			isa = PBXTargetDependency;
			target = 725FD7541E8DE96A004D6CCA /* weatherApplication */;
			targetProxy = 725FD76D1E8DE96A004D6CCA /* PBXContainerItemProxy */;
		};
		725FD7791E8DE96A004D6CCA /* PBXTargetDependency */ = {
			isa = PBXTargetDependency;
			target = 725FD7541E8DE96A004D6CCA /* weatherApplication */;
			targetProxy = 725FD7781E8DE96A004D6CCA /* PBXContainerItemProxy */;
		};
/* End PBXTargetDependency section */

/* Begin PBXVariantGroup section */
		725FD7641E8DE96A004D6CCA /* LaunchScreen.storyboard */ = {
			isa = PBXVariantGroup;
			children = (
				725FD7651E8DE96A004D6CCA /* Base */,
			);
			name = LaunchScreen.storyboard;
			sourceTree = "<group>";
		};
/* End PBXVariantGroup section */

/* Begin XCBuildConfiguration section */
		725FD77E1E8DE96A004D6CCA /* Debug */ = {
			isa = XCBuildConfiguration;
			buildSettings = {
				ALWAYS_SEARCH_USER_PATHS = NO;
				CLANG_ANALYZER_NONNULL = YES;
				CLANG_ANALYZER_NUMBER_OBJECT_CONVERSION = YES_AGGRESSIVE;
				CLANG_CXX_LANGUAGE_STANDARD = "gnu++0x";
				CLANG_CXX_LIBRARY = "libc++";
				CLANG_ENABLE_MODULES = YES;
				CLANG_ENABLE_OBJC_ARC = YES;
				CLANG_WARN_BOOL_CONVERSION = YES;
				CLANG_WARN_CONSTANT_CONVERSION = YES;
				CLANG_WARN_DIRECT_OBJC_ISA_USAGE = YES_ERROR;
				CLANG_WARN_DOCUMENTATION_COMMENTS = YES;
				CLANG_WARN_EMPTY_BODY = YES;
				CLANG_WARN_ENUM_CONVERSION = YES;
				CLANG_WARN_INFINITE_RECURSION = YES;
				CLANG_WARN_INT_CONVERSION = YES;
				CLANG_WARN_OBJC_ROOT_CLASS = YES_ERROR;
				CLANG_WARN_SUSPICIOUS_MOVE = YES;
				CLANG_WARN_UNREACHABLE_CODE = YES;
				CLANG_WARN__DUPLICATE_METHOD_MATCH = YES;
				"CODE_SIGN_IDENTITY[sdk=iphoneos*]" = "iPhone Developer";
				COPY_PHASE_STRIP = NO;
				DEBUG_INFORMATION_FORMAT = dwarf;
				ENABLE_STRICT_OBJC_MSGSEND = YES;
				ENABLE_TESTABILITY = YES;
				GCC_C_LANGUAGE_STANDARD = gnu99;
				GCC_DYNAMIC_NO_PIC = NO;
				GCC_NO_COMMON_BLOCKS = YES;
				GCC_OPTIMIZATION_LEVEL = 0;
				GCC_PREPROCESSOR_DEFINITIONS = (
					"DEBUG=1",
					"$(inherited)",
				);
				GCC_WARN_64_TO_32_BIT_CONVERSION = YES;
				GCC_WARN_ABOUT_RETURN_TYPE = YES_ERROR;
				GCC_WARN_UNDECLARED_SELECTOR = YES;
				GCC_WARN_UNINITIALIZED_AUTOS = YES_AGGRESSIVE;
				GCC_WARN_UNUSED_FUNCTION = YES;
				GCC_WARN_UNUSED_VARIABLE = YES;
				IPHONEOS_DEPLOYMENT_TARGET = 10.3;
				MTL_ENABLE_DEBUG_INFO = YES;
				ONLY_ACTIVE_ARCH = YES;
				SDKROOT = iphoneos;
				SWIFT_ACTIVE_COMPILATION_CONDITIONS = DEBUG;
				SWIFT_OPTIMIZATION_LEVEL = "-Onone";
				TARGETED_DEVICE_FAMILY = "1,2";
			};
			name = Debug;
		};
		725FD77F1E8DE96A004D6CCA /* Release */ = {
			isa = XCBuildConfiguration;
			buildSettings = {
				ALWAYS_SEARCH_USER_PATHS = NO;
				CLANG_ANALYZER_NONNULL = YES;
				CLANG_ANALYZER_NUMBER_OBJECT_CONVERSION = YES_AGGRESSIVE;
				CLANG_CXX_LANGUAGE_STANDARD = "gnu++0x";
				CLANG_CXX_LIBRARY = "libc++";
				CLANG_ENABLE_MODULES = YES;
				CLANG_ENABLE_OBJC_ARC = YES;
				CLANG_WARN_BOOL_CONVERSION = YES;
				CLANG_WARN_CONSTANT_CONVERSION = YES;
				CLANG_WARN_DIRECT_OBJC_ISA_USAGE = YES_ERROR;
				CLANG_WARN_DOCUMENTATION_COMMENTS = YES;
				CLANG_WARN_EMPTY_BODY = YES;
				CLANG_WARN_ENUM_CONVERSION = YES;
				CLANG_WARN_INFINITE_RECURSION = YES;
				CLANG_WARN_INT_CONVERSION = YES;
				CLANG_WARN_OBJC_ROOT_CLASS = YES_ERROR;
				CLANG_WARN_SUSPICIOUS_MOVE = YES;
				CLANG_WARN_UNREACHABLE_CODE = YES;
				CLANG_WARN__DUPLICATE_METHOD_MATCH = YES;
				"CODE_SIGN_IDENTITY[sdk=iphoneos*]" = "iPhone Developer";
				COPY_PHASE_STRIP = NO;
				DEBUG_INFORMATION_FORMAT = "dwarf-with-dsym";
				ENABLE_NS_ASSERTIONS = NO;
				ENABLE_STRICT_OBJC_MSGSEND = YES;
				GCC_C_LANGUAGE_STANDARD = gnu99;
				GCC_NO_COMMON_BLOCKS = YES;
				GCC_WARN_64_TO_32_BIT_CONVERSION = YES;
				GCC_WARN_ABOUT_RETURN_TYPE = YES_ERROR;
				GCC_WARN_UNDECLARED_SELECTOR = YES;
				GCC_WARN_UNINITIALIZED_AUTOS = YES_AGGRESSIVE;
				GCC_WARN_UNUSED_FUNCTION = YES;
				GCC_WARN_UNUSED_VARIABLE = YES;
				IPHONEOS_DEPLOYMENT_TARGET = 10.3;
				MTL_ENABLE_DEBUG_INFO = NO;
				SDKROOT = iphoneos;
				SWIFT_OPTIMIZATION_LEVEL = "-Owholemodule";
				TARGETED_DEVICE_FAMILY = "1,2";
				VALIDATE_PRODUCT = YES;
			};
			name = Release;
		};
		725FD7811E8DE96A004D6CCA /* Debug */ = {
			isa = XCBuildConfiguration;
			baseConfigurationReference = B978B24555EC79207B54F590 /* Pods-weatherApplication.debug.xcconfig */;
			buildSettings = {
				ASSETCATALOG_COMPILER_APPICON_NAME = AppIcon;
				INFOPLIST_FILE = weatherApplication/Info.plist;
				LD_RUNPATH_SEARCH_PATHS = "$(inherited) @executable_path/Frameworks";
				PRODUCT_BUNDLE_IDENTIFIER = HenryC.weatherApplication;
				PRODUCT_NAME = "$(TARGET_NAME)";
				SWIFT_VERSION = 3.0;
			};
			name = Debug;
		};
		725FD7821E8DE96A004D6CCA /* Release */ = {
			isa = XCBuildConfiguration;
			baseConfigurationReference = EEF427A9FC490F5380F0DC99 /* Pods-weatherApplication.release.xcconfig */;
			buildSettings = {
				ASSETCATALOG_COMPILER_APPICON_NAME = AppIcon;
				INFOPLIST_FILE = weatherApplication/Info.plist;
				LD_RUNPATH_SEARCH_PATHS = "$(inherited) @executable_path/Frameworks";
				PRODUCT_BUNDLE_IDENTIFIER = HenryC.weatherApplication;
				PRODUCT_NAME = "$(TARGET_NAME)";
				SWIFT_VERSION = 3.0;
			};
			name = Release;
		};
		725FD7841E8DE96A004D6CCA /* Debug */ = {
			isa = XCBuildConfiguration;
			baseConfigurationReference = A5DBCFD49DEED1EAFA72215C /* Pods-weatherApplicationTests.debug.xcconfig */;
			buildSettings = {
				ALWAYS_EMBED_SWIFT_STANDARD_LIBRARIES = YES;
				BUNDLE_LOADER = "$(TEST_HOST)";
				INFOPLIST_FILE = weatherApplicationTests/Info.plist;
				LD_RUNPATH_SEARCH_PATHS = "$(inherited) @executable_path/Frameworks @loader_path/Frameworks";
				PRODUCT_BUNDLE_IDENTIFIER = HenryC.weatherApplicationTests;
				PRODUCT_NAME = "$(TARGET_NAME)";
				SWIFT_VERSION = 3.0;
				TEST_HOST = "$(BUILT_PRODUCTS_DIR)/weatherApplication.app/weatherApplication";
			};
			name = Debug;
		};
		725FD7851E8DE96A004D6CCA /* Release */ = {
			isa = XCBuildConfiguration;
			baseConfigurationReference = 6BBB677CB804F8A8926599EF /* Pods-weatherApplicationTests.release.xcconfig */;
			buildSettings = {
				ALWAYS_EMBED_SWIFT_STANDARD_LIBRARIES = YES;
				BUNDLE_LOADER = "$(TEST_HOST)";
				INFOPLIST_FILE = weatherApplicationTests/Info.plist;
				LD_RUNPATH_SEARCH_PATHS = "$(inherited) @executable_path/Frameworks @loader_path/Frameworks";
				PRODUCT_BUNDLE_IDENTIFIER = HenryC.weatherApplicationTests;
				PRODUCT_NAME = "$(TARGET_NAME)";
				SWIFT_VERSION = 3.0;
				TEST_HOST = "$(BUILT_PRODUCTS_DIR)/weatherApplication.app/weatherApplication";
			};
			name = Release;
		};
		725FD7871E8DE96A004D6CCA /* Debug */ = {
			isa = XCBuildConfiguration;
			baseConfigurationReference = 16E9DFEFCED4B139AF2B5071 /* Pods-weatherApplicationUITests.debug.xcconfig */;
			buildSettings = {
				ALWAYS_EMBED_SWIFT_STANDARD_LIBRARIES = YES;
				INFOPLIST_FILE = weatherApplicationUITests/Info.plist;
				LD_RUNPATH_SEARCH_PATHS = "$(inherited) @executable_path/Frameworks @loader_path/Frameworks";
				PRODUCT_BUNDLE_IDENTIFIER = HenryC.weatherApplicationUITests;
				PRODUCT_NAME = "$(TARGET_NAME)";
				SWIFT_VERSION = 3.0;
				TEST_TARGET_NAME = weatherApplication;
			};
			name = Debug;
		};
		725FD7881E8DE96A004D6CCA /* Release */ = {
			isa = XCBuildConfiguration;
			baseConfigurationReference = D5C8FF150DD95096D74C088D /* Pods-weatherApplicationUITests.release.xcconfig */;
			buildSettings = {
				ALWAYS_EMBED_SWIFT_STANDARD_LIBRARIES = YES;
				INFOPLIST_FILE = weatherApplicationUITests/Info.plist;
				LD_RUNPATH_SEARCH_PATHS = "$(inherited) @executable_path/Frameworks @loader_path/Frameworks";
				PRODUCT_BUNDLE_IDENTIFIER = HenryC.weatherApplicationUITests;
				PRODUCT_NAME = "$(TARGET_NAME)";
				SWIFT_VERSION = 3.0;
				TEST_TARGET_NAME = weatherApplication;
			};
			name = Release;
		};
/* End XCBuildConfiguration section */

/* Begin XCConfigurationList section */
		725FD7501E8DE96A004D6CCA /* Build configuration list for PBXProject "weatherApplication" */ = {
			isa = XCConfigurationList;
			buildConfigurations = (
				725FD77E1E8DE96A004D6CCA /* Debug */,
				725FD77F1E8DE96A004D6CCA /* Release */,
			);
			defaultConfigurationIsVisible = 0;
			defaultConfigurationName = Release;
		};
		725FD7801E8DE96A004D6CCA /* Build configuration list for PBXNativeTarget "weatherApplication" */ = {
			isa = XCConfigurationList;
			buildConfigurations = (
				725FD7811E8DE96A004D6CCA /* Debug */,
				725FD7821E8DE96A004D6CCA /* Release */,
			);
			defaultConfigurationIsVisible = 0;
			defaultConfigurationName = Release;
		};
		725FD7831E8DE96A004D6CCA /* Build configuration list for PBXNativeTarget "weatherApplicationTests" */ = {
			isa = XCConfigurationList;
			buildConfigurations = (
				725FD7841E8DE96A004D6CCA /* Debug */,
				725FD7851E8DE96A004D6CCA /* Release */,
			);
			defaultConfigurationIsVisible = 0;
			defaultConfigurationName = Release;
		};
		725FD7861E8DE96A004D6CCA /* Build configuration list for PBXNativeTarget "weatherApplicationUITests" */ = {
			isa = XCConfigurationList;
			buildConfigurations = (
				725FD7871E8DE96A004D6CCA /* Debug */,
				725FD7881E8DE96A004D6CCA /* Release */,
			);
			defaultConfigurationIsVisible = 0;
			defaultConfigurationName = Release;
		};
/* End XCConfigurationList section */

/* Begin XCVersionGroup section */
		725FD75F1E8DE96A004D6CCA /* weatherApplication.xcdatamodeld */ = {
			isa = XCVersionGroup;
			children = (
				725FD7601E8DE96A004D6CCA /* weatherApplication.xcdatamodel */,
			);
			currentVersion = 725FD7601E8DE96A004D6CCA /* weatherApplication.xcdatamodel */;
			path = weatherApplication.xcdatamodeld;
			sourceTree = "<group>";
			versionGroupType = wrapper.xcdatamodel;
		};
/* End XCVersionGroup section */
	};
	rootObject = 725FD74D1E8DE96A004D6CCA /* Project object */;
}
